<?xml version="1.0" encoding="utf-8"?>
<Project ToolsVersion="4.0" xmlns="http://schemas.microsoft.com/developer/msbuild/2003">
  <ItemGroup>
    <ClInclude Include="const.h" />
    <ClInclude Include="ist.h" />
    <ClInclude Include="util.h" />
    <ClInclude Include="shell.h" />
    <ClInclude Include="ui_message_box.h" />
  </ItemGroup>
  <ItemGroup>
    <ClCompile Include="dll_init.cpp" />
    <ClCompile Include="ist.cpp" />
    <ClCompile Include="util.cpp" />
    <ClCompile Include="shell.cpp" />
    <ClCompile Include="ui_message_box.cpp" />
  </ItemGroup>
  <ItemGroup>
    <None Include="out.def" />
  </ItemGroup>
</Project>